
Microsoft Visual Studio Solution File, Format Version 12.00
# Visual Studio 15
VisualStudioVersion = 15.0.26124.0
MinimumVisualStudioVersion = 15.0.26124.0
Project("{FAE04EC0-301F-11D3-BF4B-00C04F79EFBC}") = "Coindesk", "Coindesk\Coindesk.csproj", "{49019134-B505-43B9-A06C-A628FDAE0DE5}"
EndProject
Project("{FAE04EC0-301F-11D3-BF4B-00C04F79EFBC}") = "TddWorkshopAPI", "TddWorkshopAPI\TddWorkshopAPI.csproj", "{94B1545E-841B-407E-AC6A-299B9D7719FB}"
EndProject
Project("{FAE04EC0-301F-11D3-BF4B-00C04F79EFBC}") = "TddWorkshopAPI.Business", "TddWorkshopAPI.Business\TddWorkshopAPI.Business.csproj", "{DE7BEEED-202F-442E-9A34-5577E77D3AE5}"
EndProject
Project("{FAE04EC0-301F-11D3-BF4B-00C04F79EFBC}") = "TddWorkshopAPI.Unit.Tests", "TddWorkshopAPI.Unit.Tests\TddWorkshopAPI.Unit.Tests.csproj", "{9F1346FF-FDC0-497E-92CF-36062FA5D376}"
EndProject
Project("{FAE04EC0-301F-11D3-BF4B-00C04F79EFBC}") = "TddWorkshopAPI.Business.Unit.Tests", "TddWorkshopAPI.Business.Unit.Tests\TddWorkshopAPI.Business.Unit.Tests.csproj", "{7C720EBD-7FE8-4AEC-901C-FDCCD5439C8D}"
EndProject
Project("{FAE04EC0-301F-11D3-BF4B-00C04F79EFBC}") = "Coindesk.Integration.Tests", "Coindesk.Integration.Tests\Coindesk.Integration.Tests.csproj", "{0E3A2634-BF6B-4BCA-A56C-9AD65E1340A0}"
EndProject
Project("{FAE04EC0-301F-11D3-BF4B-00C04F79EFBC}") = "TddWorkshopAPI.EndToEnd.Tests", "TddWorkshopAPI.EndToEnd.Tests\TddWorkshopAPI.EndToEnd.Tests.csproj", "{F89A9B6E-9FED-46A4-BDCB-1B9CCE3F8091}"
EndProject
Global
	GlobalSection(SolutionConfigurationPlatforms) = preSolution
		Debug|Any CPU = Debug|Any CPU
		Debug|x64 = Debug|x64
		Debug|x86 = Debug|x86
		Release|Any CPU = Release|Any CPU
		Release|x64 = Release|x64
		Release|x86 = Release|x86
	EndGlobalSection
	GlobalSection(SolutionProperties) = preSolution
		HideSolutionNode = FALSE
	EndGlobalSection
	GlobalSection(ProjectConfigurationPlatforms) = postSolution
		{49019134-B505-43B9-A06C-A628FDAE0DE5}.Debug|Any CPU.ActiveCfg = Debug|Any CPU
		{49019134-B505-43B9-A06C-A628FDAE0DE5}.Debug|Any CPU.Build.0 = Debug|Any CPU
		{49019134-B505-43B9-A06C-A628FDAE0DE5}.Debug|x64.ActiveCfg = Debug|Any CPU
		{49019134-B505-43B9-A06C-A628FDAE0DE5}.Debug|x64.Build.0 = Debug|Any CPU
		{49019134-B505-43B9-A06C-A628FDAE0DE5}.Debug|x86.ActiveCfg = Debug|Any CPU
		{49019134-B505-43B9-A06C-A628FDAE0DE5}.Debug|x86.Build.0 = Debug|Any CPU
		{49019134-B505-43B9-A06C-A628FDAE0DE5}.Release|Any CPU.ActiveCfg = Release|Any CPU
		{49019134-B505-43B9-A06C-A628FDAE0DE5}.Release|Any CPU.Build.0 = Release|Any CPU
		{49019134-B505-43B9-A06C-A628FDAE0DE5}.Release|x64.ActiveCfg = Release|Any CPU
		{49019134-B505-43B9-A06C-A628FDAE0DE5}.Release|x64.Build.0 = Release|Any CPU
		{49019134-B505-43B9-A06C-A628FDAE0DE5}.Release|x86.ActiveCfg = Release|Any CPU
		{49019134-B505-43B9-A06C-A628FDAE0DE5}.Release|x86.Build.0 = Release|Any CPU
		{94B1545E-841B-407E-AC6A-299B9D7719FB}.Debug|Any CPU.ActiveCfg = Debug|Any CPU
		{94B1545E-841B-407E-AC6A-299B9D7719FB}.Debug|Any CPU.Build.0 = Debug|Any CPU
		{94B1545E-841B-407E-AC6A-299B9D7719FB}.Debug|x64.ActiveCfg = Debug|Any CPU
		{94B1545E-841B-407E-AC6A-299B9D7719FB}.Debug|x64.Build.0 = Debug|Any CPU
		{94B1545E-841B-407E-AC6A-299B9D7719FB}.Debug|x86.ActiveCfg = Debug|Any CPU
		{94B1545E-841B-407E-AC6A-299B9D7719FB}.Debug|x86.Build.0 = Debug|Any CPU
		{94B1545E-841B-407E-AC6A-299B9D7719FB}.Release|Any CPU.ActiveCfg = Release|Any CPU
		{94B1545E-841B-407E-AC6A-299B9D7719FB}.Release|Any CPU.Build.0 = Release|Any CPU
		{94B1545E-841B-407E-AC6A-299B9D7719FB}.Release|x64.ActiveCfg = Release|Any CPU
		{94B1545E-841B-407E-AC6A-299B9D7719FB}.Release|x64.Build.0 = Release|Any CPU
		{94B1545E-841B-407E-AC6A-299B9D7719FB}.Release|x86.ActiveCfg = Release|Any CPU
		{94B1545E-841B-407E-AC6A-299B9D7719FB}.Release|x86.Build.0 = Release|Any CPU
		{DE7BEEED-202F-442E-9A34-5577E77D3AE5}.Debug|Any CPU.ActiveCfg = Debug|Any CPU
		{DE7BEEED-202F-442E-9A34-5577E77D3AE5}.Debug|Any CPU.Build.0 = Debug|Any CPU
		{DE7BEEED-202F-442E-9A34-5577E77D3AE5}.Debug|x64.ActiveCfg = Debug|Any CPU
		{DE7BEEED-202F-442E-9A34-5577E77D3AE5}.Debug|x64.Build.0 = Debug|Any CPU
		{DE7BEEED-202F-442E-9A34-5577E77D3AE5}.Debug|x86.ActiveCfg = Debug|Any CPU
		{DE7BEEED-202F-442E-9A34-5577E77D3AE5}.Debug|x86.Build.0 = Debug|Any CPU
		{DE7BEEED-202F-442E-9A34-5577E77D3AE5}.Release|Any CPU.ActiveCfg = Release|Any CPU
		{DE7BEEED-202F-442E-9A34-5577E77D3AE5}.Release|Any CPU.Build.0 = Release|Any CPU
		{DE7BEEED-202F-442E-9A34-5577E77D3AE5}.Release|x64.ActiveCfg = Release|Any CPU
		{DE7BEEED-202F-442E-9A34-5577E77D3AE5}.Release|x64.Build.0 = Release|Any CPU
		{DE7BEEED-202F-442E-9A34-5577E77D3AE5}.Release|x86.ActiveCfg = Release|Any CPU
		{DE7BEEED-202F-442E-9A34-5577E77D3AE5}.Release|x86.Build.0 = Release|Any CPU
		{9F1346FF-FDC0-497E-92CF-36062FA5D376}.Debug|Any CPU.ActiveCfg = Debug|Any CPU
		{9F1346FF-FDC0-497E-92CF-36062FA5D376}.Debug|Any CPU.Build.0 = Debug|Any CPU
		{9F1346FF-FDC0-497E-92CF-36062FA5D376}.Debug|x64.ActiveCfg = Debug|Any CPU
		{9F1346FF-FDC0-497E-92CF-36062FA5D376}.Debug|x64.Build.0 = Debug|Any CPU
		{9F1346FF-FDC0-497E-92CF-36062FA5D376}.Debug|x86.ActiveCfg = Debug|Any CPU
		{9F1346FF-FDC0-497E-92CF-36062FA5D376}.Debug|x86.Build.0 = Debug|Any CPU
		{9F1346FF-FDC0-497E-92CF-36062FA5D376}.Release|Any CPU.ActiveCfg = Release|Any CPU
		{9F1346FF-FDC0-497E-92CF-36062FA5D376}.Release|Any CPU.Build.0 = Release|Any CPU
		{9F1346FF-FDC0-497E-92CF-36062FA5D376}.Release|x64.ActiveCfg = Release|Any CPU
		{9F1346FF-FDC0-497E-92CF-36062FA5D376}.Release|x64.Build.0 = Release|Any CPU
		{9F1346FF-FDC0-497E-92CF-36062FA5D376}.Release|x86.ActiveCfg = Release|Any CPU
		{9F1346FF-FDC0-497E-92CF-36062FA5D376}.Release|x86.Build.0 = Release|Any CPU
		{7C720EBD-7FE8-4AEC-901C-FDCCD5439C8D}.Debug|Any CPU.ActiveCfg = Debug|Any CPU
		{7C720EBD-7FE8-4AEC-901C-FDCCD5439C8D}.Debug|Any CPU.Build.0 = Debug|Any CPU
		{7C720EBD-7FE8-4AEC-901C-FDCCD5439C8D}.Debug|x64.ActiveCfg = Debug|Any CPU
		{7C720EBD-7FE8-4AEC-901C-FDCCD5439C8D}.Debug|x64.Build.0 = Debug|Any CPU
		{7C720EBD-7FE8-4AEC-901C-FDCCD5439C8D}.Debug|x86.ActiveCfg = Debug|Any CPU
		{7C720EBD-7FE8-4AEC-901C-FDCCD5439C8D}.Debug|x86.Build.0 = Debug|Any CPU
		{7C720EBD-7FE8-4AEC-901C-FDCCD5439C8D}.Release|Any CPU.ActiveCfg = Release|Any CPU
		{7C720EBD-7FE8-4AEC-901C-FDCCD5439C8D}.Release|Any CPU.Build.0 = Release|Any CPU
		{7C720EBD-7FE8-4AEC-901C-FDCCD5439C8D}.Release|x64.ActiveCfg = Release|Any CPU
		{7C720EBD-7FE8-4AEC-901C-FDCCD5439C8D}.Release|x64.Build.0 = Release|Any CPU
		{7C720EBD-7FE8-4AEC-901C-FDCCD5439C8D}.Release|x86.ActiveCfg = Release|Any CPU
		{7C720EBD-7FE8-4AEC-901C-FDCCD5439C8D}.Release|x86.Build.0 = Release|Any CPU
		{0E3A2634-BF6B-4BCA-A56C-9AD65E1340A0}.Debug|Any CPU.ActiveCfg = Debug|Any CPU
		{0E3A2634-BF6B-4BCA-A56C-9AD65E1340A0}.Debug|Any CPU.Build.0 = Debug|Any CPU
		{0E3A2634-BF6B-4BCA-A56C-9AD65E1340A0}.Debug|x64.ActiveCfg = Debug|Any CPU
		{0E3A2634-BF6B-4BCA-A56C-9AD65E1340A0}.Debug|x64.Build.0 = Debug|Any CPU
		{0E3A2634-BF6B-4BCA-A56C-9AD65E1340A0}.Debug|x86.ActiveCfg = Debug|Any CPU
		{0E3A2634-BF6B-4BCA-A56C-9AD65E1340A0}.Debug|x86.Build.0 = Debug|Any CPU
		{0E3A2634-BF6B-4BCA-A56C-9AD65E1340A0}.Release|Any CPU.ActiveCfg = Release|Any CPU
		{0E3A2634-BF6B-4BCA-A56C-9AD65E1340A0}.Release|Any CPU.Build.0 = Release|Any CPU
		{0E3A2634-BF6B-4BCA-A56C-9AD65E1340A0}.Release|x64.ActiveCfg = Release|Any CPU
		{0E3A2634-BF6B-4BCA-A56C-9AD65E1340A0}.Release|x64.Build.0 = Release|Any CPU
		{0E3A2634-BF6B-4BCA-A56C-9AD65E1340A0}.Release|x86.ActiveCfg = Release|Any CPU
		{0E3A2634-BF6B-4BCA-A56C-9AD65E1340A0}.Release|x86.Build.0 = Release|Any CPU
		{F89A9B6E-9FED-46A4-BDCB-1B9CCE3F8091}.Debug|Any CPU.ActiveCfg = Debug|Any CPU
		{F89A9B6E-9FED-46A4-BDCB-1B9CCE3F8091}.Debug|Any CPU.Build.0 = Debug|Any CPU
		{F89A9B6E-9FED-46A4-BDCB-1B9CCE3F8091}.Debug|x64.ActiveCfg = Debug|Any CPU
		{F89A9B6E-9FED-46A4-BDCB-1B9CCE3F8091}.Debug|x64.Build.0 = Debug|Any CPU
		{F89A9B6E-9FED-46A4-BDCB-1B9CCE3F8091}.Debug|x86.ActiveCfg = Debug|Any CPU
		{F89A9B6E-9FED-46A4-BDCB-1B9CCE3F8091}.Debug|x86.Build.0 = Debug|Any CPU
		{F89A9B6E-9FED-46A4-BDCB-1B9CCE3F8091}.Release|Any CPU.ActiveCfg = Release|Any CPU
		{F89A9B6E-9FED-46A4-BDCB-1B9CCE3F8091}.Release|Any CPU.Build.0 = Release|Any CPU
		{F89A9B6E-9FED-46A4-BDCB-1B9CCE3F8091}.Release|x64.ActiveCfg = Release|Any CPU
		{F89A9B6E-9FED-46A4-BDCB-1B9CCE3F8091}.Release|x64.Build.0 = Release|Any CPU
		{F89A9B6E-9FED-46A4-BDCB-1B9CCE3F8091}.Release|x86.ActiveCfg = Release|Any CPU
		{F89A9B6E-9FED-46A4-BDCB-1B9CCE3F8091}.Release|x86.Build.0 = Release|Any CPU
	EndGlobalSection
EndGlobal
